
Microsoft Visual Studio Solution File, Format Version 12.00
# Visual Studio Version 17
VisualStudioVersion = 17.8.34316.72
MinimumVisualStudioVersion = 10.0.40219.1
Project("{9A19103F-16F7-4668-BE54-9A1E7A4F7556}") = "ConsoleApp", "Client\ConsoleApp.csproj", "{249CC6B8-C524-4317-9BE2-DFD447CDF017}"
EndProject
Project("{9A19103F-16F7-4668-BE54-9A1E7A4F7556}") = "WebApplication1", "WebApplication\WebApplication1.csproj", "{418CD4AA-1FF5-455B-9163-C1D14A30B208}"
EndProject
Project("{FAE04EC0-301F-11D3-BF4B-00C04F79EFBC}") = "BlazorAppNet8", "BlazorApp\BlazorApp1\BlazorAppNet8.csproj", "{B1103563-A7D5-4CF7-ABBA-6139EFADF0B1}"
EndProject
Project("{9A19103F-16F7-4668-BE54-9A1E7A4F7556}") = "BlazorAppNet7", "BlazorAppNet7\BlazorAppNet7.csproj", "{FEB120D9-6398-40E1-8925-8DC1C969847A}"
EndProject
Global
	GlobalSection(SolutionConfigurationPlatforms) = preSolution
		Debug|Any CPU = Debug|Any CPU
		Release|Any CPU = Release|Any CPU
	EndGlobalSection
	GlobalSection(ProjectConfigurationPlatforms) = postSolution
		{249CC6B8-C524-4317-9BE2-DFD447CDF017}.Debug|Any CPU.ActiveCfg = Debug|Any CPU
		{249CC6B8-C524-4317-9BE2-DFD447CDF017}.Debug|Any CPU.Build.0 = Debug|Any CPU
		{249CC6B8-C524-4317-9BE2-DFD447CDF017}.Release|Any CPU.ActiveCfg = Release|Any CPU
		{249CC6B8-C524-4317-9BE2-DFD447CDF017}.Release|Any CPU.Build.0 = Release|Any CPU
		{418CD4AA-1FF5-455B-9163-C1D14A30B208}.Debug|Any CPU.ActiveCfg = Debug|Any CPU
		{418CD4AA-1FF5-455B-9163-C1D14A30B208}.Debug|Any CPU.Build.0 = Debug|Any CPU
		{418CD4AA-1FF5-455B-9163-C1D14A30B208}.Release|Any CPU.ActiveCfg = Release|Any CPU
		{418CD4AA-1FF5-455B-9163-C1D14A30B208}.Release|Any CPU.Build.0 = Release|Any CPU
		{B1103563-A7D5-4CF7-ABBA-6139EFADF0B1}.Debug|Any CPU.ActiveCfg = Debug|Any CPU
		{B1103563-A7D5-4CF7-ABBA-6139EFADF0B1}.Debug|Any CPU.Build.0 = Debug|Any CPU
		{B1103563-A7D5-4CF7-ABBA-6139EFADF0B1}.Release|Any CPU.ActiveCfg = Release|Any CPU
		{B1103563-A7D5-4CF7-ABBA-6139EFADF0B1}.Release|Any CPU.Build.0 = Release|Any CPU
		{FEB120D9-6398-40E1-8925-8DC1C969847A}.Debug|Any CPU.ActiveCfg = Debug|Any CPU
		{FEB120D9-6398-40E1-8925-8DC1C969847A}.Debug|Any CPU.Build.0 = Debug|Any CPU
		{FEB120D9-6398-40E1-8925-8DC1C969847A}.Release|Any CPU.ActiveCfg = Release|Any CPU
		{FEB120D9-6398-40E1-8925-8DC1C969847A}.Release|Any CPU.Build.0 = Release|Any CPU
	EndGlobalSection
	GlobalSection(SolutionProperties) = preSolution
		HideSolutionNode = FALSE
	EndGlobalSection
	GlobalSection(ExtensibilityGlobals) = postSolution
		SolutionGuid = {3B48B20E-ADD2-425F-926A-B9339F35768A}
	EndGlobalSection
EndGlobal
